
Microsoft Visual Studio Solution File, Format Version 12.00
# Visual Studio 14
VisualStudioVersion = 14.0.24720.0
MinimumVisualStudioVersion = 10.0.40219.1
Project("{888888A0-9F3D-457C-B088-3A5042F75D52}") = "PythonCirclesGame", "PythonCirclesGame\PythonCirclesGame.pyproj", "{7EA81FD9-4C97-415D-877A-AE08FD389C68}"
EndProject
Global
	GlobalSection(SolutionConfigurationPlatforms) = preSolution
		Debug|Any CPU = Debug|Any CPU
		Release|Any CPU = Release|Any CPU
	EndGlobalSection
	GlobalSection(ProjectConfigurationPlatforms) = postSolution
		{7EA81FD9-4C97-415D-877A-AE08FD389C68}.Debug|Any CPU.ActiveCfg = Debug|Any CPU
		{7EA81FD9-4C97-415D-877A-AE08FD389C68}.Debug|Any CPU.Build.0 = Debug|Any CPU
		{7EA81FD9-4C97-415D-877A-AE08FD389C68}.Release|Any CPU.ActiveCfg = Release|Any CPU
		{7EA81FD9-4C97-415D-877A-AE08FD389C68}.Release|Any CPU.Build.0 = Release|Any CPU
	EndGlobalSection
	GlobalSection(SolutionProperties) = preSolution
		HideSolutionNode = FALSE
	EndGlobalSection
EndGlobal
